
Microsoft Visual Studio Solution File, Format Version 12.00
# Visual Studio Version 16
VisualStudioVersion = 16.0.31410.357
MinimumVisualStudioVersion = 10.0.40219.1
Project("{FAE04EC0-301F-11D3-BF4B-00C04F79EFBC}") = "Learning C-Sharp", "Learning C-Sharp\Learning C-Sharp.csproj", "{78590F6C-6173-4B5A-A06F-17E33640A187}"
EndProject
Global
	GlobalSection(SolutionConfigurationPlatforms) = preSolution
		Debug|Any CPU = Debug|Any CPU
		Release|Any CPU = Release|Any CPU
	EndGlobalSection
	GlobalSection(ProjectConfigurationPlatforms) = postSolution
		{78590F6C-6173-4B5A-A06F-17E33640A187}.Debug|Any CPU.ActiveCfg = Debug|Any CPU
		{78590F6C-6173-4B5A-A06F-17E33640A187}.Debug|Any CPU.Build.0 = Debug|Any CPU
		{78590F6C-6173-4B5A-A06F-17E33640A187}.Release|Any CPU.ActiveCfg = Release|Any CPU
		{78590F6C-6173-4B5A-A06F-17E33640A187}.Release|Any CPU.Build.0 = Release|Any CPU
	EndGlobalSection
	GlobalSection(SolutionProperties) = preSolution
		HideSolutionNode = FALSE
	EndGlobalSection
	GlobalSection(ExtensibilityGlobals) = postSolution
		SolutionGuid = {22DC7252-89E1-44CA-8CA4-3C0D32B6C516}
	EndGlobalSection
EndGlobal
